// !$*UTF8*$!
{
	archiveVersion = 1;
	classes = {
	};
	objectVersion = 46;
	objects = {

/* Begin PBXBuildFile section */
		00E356F31AD99517003FC87E /* studentAppTests.m in Sources */ = {isa = PBXBuildFile; fileRef = 00E356F21AD99517003FC87E /* studentAppTests.m */; };
		13B07FBC1A68108700A75B9A /* AppDelegate.m in Sources */ = {isa = PBXBuildFile; fileRef = 13B07FB01A68108700A75B9A /* AppDelegate.m */; };
		13B07FBF1A68108700A75B9A /* Images.xcassets in Resources */ = {isa = PBXBuildFile; fileRef = 13B07FB51A68108700A75B9A /* Images.xcassets */; };
		13B07FC11A68108700A75B9A /* main.m in Sources */ = {isa = PBXBuildFile; fileRef = 13B07FB71A68108700A75B9A /* main.m */; };
		2D02E4BC1E0B4A80006451C7 /* AppDelegate.m in Sources */ = {isa = PBXBuildFile; fileRef = 13B07FB01A68108700A75B9A /* AppDelegate.m */; };
		2D02E4BD1E0B4A84006451C7 /* Images.xcassets in Resources */ = {isa = PBXBuildFile; fileRef = 13B07FB51A68108700A75B9A /* Images.xcassets */; };
		2D02E4BF1E0B4AB3006451C7 /* main.m in Sources */ = {isa = PBXBuildFile; fileRef = 13B07FB71A68108700A75B9A /* main.m */; };
		2DCD954D1E0B4F2C00145EB5 /* studentAppTests.m in Sources */ = {isa = PBXBuildFile; fileRef = 00E356F21AD99517003FC87E /* studentAppTests.m */; };
		81AB9BB82411601600AC10FF /* LaunchScreen.storyboard in Resources */ = {isa = PBXBuildFile; fileRef = 81AB9BB72411601600AC10FF /* LaunchScreen.storyboard */; };
		831A234261BD4A53A031A645 /* HelveticaNeueW23forSKY-Bd_0.woff in Resources */ = {isa = PBXBuildFile; fileRef = 651B5B6180A34EC6B85CF95D /* HelveticaNeueW23forSKY-Bd_0.woff */; };
		771F2533FF5047D1965E42B9 /* HelveticaNeueW23forSKY-Reg_0.woff in Resources */ = {isa = PBXBuildFile; fileRef = 763D5690F31E48F3BE0FD145 /* HelveticaNeueW23forSKY-Reg_0.woff */; };
		84E183CE157E4AA6B29FDEAB /* NeoSansArabic_0.woff in Resources */ = {isa = PBXBuildFile; fileRef = 0E8A9A4D94CC451690428749 /* NeoSansArabic_0.woff */; };
		41DE765A54D24EEC8426108B /* NeoSansW23-Medium%202.woff in Resources */ = {isa = PBXBuildFile; fileRef = 2995C0C68CAE4A9AB4E170EF /* NeoSansW23-Medium%202.woff */; };
		72E0675810894689A2D1053A /* HelveticaNeueW23forSKY-Bd.woff in Resources */ = {isa = PBXBuildFile; fileRef = C76158B042AF4DF0BEF1AE7A /* HelveticaNeueW23forSKY-Bd.woff */; };
		60207A1109594ED9BF765821 /* HelveticaNeueW23forSKY-Reg.woff in Resources */ = {isa = PBXBuildFile; fileRef = 93437FC71DB34B9AA54F11C5 /* HelveticaNeueW23forSKY-Reg.woff */; };
		CAA7EF0261B742C89A82F0B3 /* NeoSansArabic-0.woff in Resources */ = {isa = PBXBuildFile; fileRef = 6FEF6F9D5FCB4A0CBE798CB3 /* NeoSansArabic-0.woff */; };
		26DF50E19B5F4AFEB3FD3B74 /* NeoSansW23-Medium-2.woff in Resources */ = {isa = PBXBuildFile; fileRef = 06BD2F200722484691834417 /* NeoSansW23-Medium-2.woff */; };
		0862675C44A84CA7A900424D /* helvetica-neue-w23-for-sky-reg.ttf in Resources */ = {isa = PBXBuildFile; fileRef = 0921969340AD4E2C8F5D01F5 /* helvetica-neue-w23-for-sky-reg.ttf */; };
		189AE5A0C7614C7B9D454962 /* Neo Sans Arabic Regular.ttf in Resources */ = {isa = PBXBuildFile; fileRef = 335F070734AF447493BDD100 /* Neo Sans Arabic Regular.ttf */; };
		8072840E0A3C4DD7951D77F2 /* Neo_Sans_Medium.ttf in Resources */ = {isa = PBXBuildFile; fileRef = 62411FDCDF5640FEB35A950E /* Neo_Sans_Medium.ttf */; };
		4F097C438BEE4C878507C004 /* NeoSansArabic.ttf in Resources */ = {isa = PBXBuildFile; fileRef = 5129217EAA814033ABD8041B /* NeoSansArabic.ttf */; };
		D561D390F02E4888962DFF9D /* NeoSansArabicBlack.ttf in Resources */ = {isa = PBXBuildFile; fileRef = A8A9C74763774E2F96214110 /* NeoSansArabicBlack.ttf */; };
		BBC3D441374B440CBDA969F1 /* NeoSansArabicBold.ttf in Resources */ = {isa = PBXBuildFile; fileRef = 414A6EC56642461AB3D8E928 /* NeoSansArabicBold.ttf */; };
		6998A0D36F7A429280F6D7D3 /* NeoSansArabicLight.ttf in Resources */ = {isa = PBXBuildFile; fileRef = 9AD3D93443844F92A16D2E1A /* NeoSansArabicLight.ttf */; };
		328161BDA5FF4EFCA107ADED /* NeoSansArabicMedium.ttf in Resources */ = {isa = PBXBuildFile; fileRef = EBBF8A5672D0477AAC3289E3 /* NeoSansArabicMedium.ttf */; };
		77D443C9F7F64CC4B81831AC /* NeoSansArabicUltra.ttf in Resources */ = {isa = PBXBuildFile; fileRef = F005ACD070B74DE8B211AC6B /* NeoSansArabicUltra.ttf */; };
		DA06EEC7CE8D4FDC924494F0 /* AntDesign.ttf in Resources */ = {isa = PBXBuildFile; fileRef = 745804F1B4764A4D86E76C69 /* AntDesign.ttf */; };
		384632A6A00547918604592D /* Entypo.ttf in Resources */ = {isa = PBXBuildFile; fileRef = 1C07B3DECC074998828018D3 /* Entypo.ttf */; };
		5FA84F9B255D414B832DDF35 /* EvilIcons.ttf in Resources */ = {isa = PBXBuildFile; fileRef = 31C76D786EA5431E95A99319 /* EvilIcons.ttf */; };
		FED3F4E42D2F4399BC9A2AF6 /* Feather.ttf in Resources */ = {isa = PBXBuildFile; fileRef = 7FA73A0258A941EFB2A60E14 /* Feather.ttf */; };
		34BBAA3E478746EEB4664B5C /* FontAwesome.ttf in Resources */ = {isa = PBXBuildFile; fileRef = 9FAF799EC0C14AC595992603 /* FontAwesome.ttf */; };
		3757156B2DFA4ED184327524 /* FontAwesome5_Brands.ttf in Resources */ = {isa = PBXBuildFile; fileRef = F95A4366789643D1A80BDBB3 /* FontAwesome5_Brands.ttf */; };
		6930701A25E74E16AC38B5F0 /* FontAwesome5_Regular.ttf in Resources */ = {isa = PBXBuildFile; fileRef = 66B7D61133FB4F19B437CB5E /* FontAwesome5_Regular.ttf */; };
		08C5BFA1F3CD4B68B6924467 /* FontAwesome5_Solid.ttf in Resources */ = {isa = PBXBuildFile; fileRef = DC669510821644B2B751A04F /* FontAwesome5_Solid.ttf */; };
		F4179BEDEEE0479A955C48BB /* Fontisto.ttf in Resources */ = {isa = PBXBuildFile; fileRef = 65B413A884F84A3FA930E388 /* Fontisto.ttf */; };
		2AACC629A5174AFEBED91E00 /* Foundation.ttf in Resources */ = {isa = PBXBuildFile; fileRef = 468AD15059A8412A9E34F21A /* Foundation.ttf */; };
		BD73AE3741CD4BC688DA89F8 /* Ionicons.ttf in Resources */ = {isa = PBXBuildFile; fileRef = 6587247FD3214CEA855820D9 /* Ionicons.ttf */; };
		1998C42EFA0F44BFB3750B1B /* MaterialCommunityIcons.ttf in Resources */ = {isa = PBXBuildFile; fileRef = 8B53E4AE954344AA8E808A1D /* MaterialCommunityIcons.ttf */; };
		5F3A6124FDC64372B5D59C90 /* MaterialIcons.ttf in Resources */ = {isa = PBXBuildFile; fileRef = 4611CB224851499593F78FC8 /* MaterialIcons.ttf */; };
		B8A8CFCF637F42B681E65038 /* Octicons.ttf in Resources */ = {isa = PBXBuildFile; fileRef = F198C0837AD1480EBC3D5274 /* Octicons.ttf */; };
		DF067E367E6347539F7F6683 /* Roboto_medium.ttf in Resources */ = {isa = PBXBuildFile; fileRef = 8D4B329DD2484B2C8E0822E2 /* Roboto_medium.ttf */; };
		A964B2F40B244318895F155C /* Roboto.ttf in Resources */ = {isa = PBXBuildFile; fileRef = 948B095695C84AEEA69A8902 /* Roboto.ttf */; };
		BA934D184E5F43E6BE5BF1D2 /* rubicon-icon-font.ttf in Resources */ = {isa = PBXBuildFile; fileRef = A6C05CDD8547434D92ECE5CC /* rubicon-icon-font.ttf */; };
		C1B17C43C0374A28B1203EEF /* SimpleLineIcons.ttf in Resources */ = {isa = PBXBuildFile; fileRef = E167F34370D24C66BE8CBEA5 /* SimpleLineIcons.ttf */; };
		2D7615846ED843B8BEB4986B /* Zocial.ttf in Resources */ = {isa = PBXBuildFile; fileRef = 3B7B43960DE84487B4A722DD /* Zocial.ttf */; };
/* End PBXBuildFile section */

/* Begin PBXContainerItemProxy section */
		00E356F41AD99517003FC87E /* PBXContainerItemProxy */ = {
			isa = PBXContainerItemProxy;
			containerPortal = 83CBB9F71A601CBA00E9B192 /* Project object */;
			proxyType = 1;
			remoteGlobalIDString = 13B07F861A680F5B00A75B9A;
			remoteInfo = studentApp;
		};
		2D02E4911E0B4A5D006451C7 /* PBXContainerItemProxy */ = {
			isa = PBXContainerItemProxy;
			containerPortal = 83CBB9F71A601CBA00E9B192 /* Project object */;
			proxyType = 1;
			remoteGlobalIDString = 2D02E47A1E0B4A5D006451C7;
			remoteInfo = "studentApp-tvOS";
		};
/* End PBXContainerItemProxy section */

/* Begin PBXFileReference section */
		008F07F21AC5B25A0029DE68 /* main.jsbundle */ = {isa = PBXFileReference; fileEncoding = 4; lastKnownFileType = text; path = main.jsbundle; sourceTree = "<group>"; };
		00E356EE1AD99517003FC87E /* studentAppTests.xctest */ = {isa = PBXFileReference; explicitFileType = wrapper.cfbundle; includeInIndex = 0; path = studentAppTests.xctest; sourceTree = BUILT_PRODUCTS_DIR; };
		00E356F11AD99517003FC87E /* Info.plist */ = {isa = PBXFileReference; lastKnownFileType = text.plist.xml; path = Info.plist; sourceTree = "<group>"; };
		00E356F21AD99517003FC87E /* studentAppTests.m */ = {isa = PBXFileReference; lastKnownFileType = sourcecode.c.objc; path = studentAppTests.m; sourceTree = "<group>"; };
		13B07F961A680F5B00A75B9A /* studentApp.app */ = {isa = PBXFileReference; explicitFileType = wrapper.application; includeInIndex = 0; path = studentApp.app; sourceTree = BUILT_PRODUCTS_DIR; };
		13B07FAF1A68108700A75B9A /* AppDelegate.h */ = {isa = PBXFileReference; fileEncoding = 4; lastKnownFileType = sourcecode.c.h; name = AppDelegate.h; path = studentApp/AppDelegate.h; sourceTree = "<group>"; };
		13B07FB01A68108700A75B9A /* AppDelegate.m */ = {isa = PBXFileReference; fileEncoding = 4; lastKnownFileType = sourcecode.c.objc; name = AppDelegate.m; path = studentApp/AppDelegate.m; sourceTree = "<group>"; };
		13B07FB51A68108700A75B9A /* Images.xcassets */ = {isa = PBXFileReference; lastKnownFileType = folder.assetcatalog; name = Images.xcassets; path = studentApp/Images.xcassets; sourceTree = "<group>"; };
		13B07FB61A68108700A75B9A /* Info.plist */ = {isa = PBXFileReference; fileEncoding = 4; lastKnownFileType = text.plist.xml; name = Info.plist; path = studentApp/Info.plist; sourceTree = "<group>"; };
		13B07FB71A68108700A75B9A /* main.m */ = {isa = PBXFileReference; fileEncoding = 4; lastKnownFileType = sourcecode.c.objc; name = main.m; path = studentApp/main.m; sourceTree = "<group>"; };
		2D02E47B1E0B4A5D006451C7 /* studentApp-tvOS.app */ = {isa = PBXFileReference; explicitFileType = wrapper.application; includeInIndex = 0; path = "studentApp-tvOS.app"; sourceTree = BUILT_PRODUCTS_DIR; };
		2D02E4901E0B4A5D006451C7 /* studentApp-tvOSTests.xctest */ = {isa = PBXFileReference; explicitFileType = wrapper.cfbundle; includeInIndex = 0; path = "studentApp-tvOSTests.xctest"; sourceTree = BUILT_PRODUCTS_DIR; };
		81AB9BB72411601600AC10FF /* LaunchScreen.storyboard */ = {isa = PBXFileReference; fileEncoding = 4; lastKnownFileType = file.storyboard; name = LaunchScreen.storyboard; path = studentApp/LaunchScreen.storyboard; sourceTree = "<group>"; };
		ED297162215061F000B7C4FE /* JavaScriptCore.framework */ = {isa = PBXFileReference; lastKnownFileType = wrapper.framework; name = JavaScriptCore.framework; path = System/Library/Frameworks/JavaScriptCore.framework; sourceTree = SDKROOT; };
		ED2971642150620600B7C4FE /* JavaScriptCore.framework */ = {isa = PBXFileReference; lastKnownFileType = wrapper.framework; name = JavaScriptCore.framework; path = Platforms/AppleTVOS.platform/Developer/SDKs/AppleTVOS12.0.sdk/System/Library/Frameworks/JavaScriptCore.framework; sourceTree = DEVELOPER_DIR; };
		651B5B6180A34EC6B85CF95D /* HelveticaNeueW23forSKY-Bd_0.woff */ = {isa = PBXFileReference; name = "HelveticaNeueW23forSKY-Bd_0.woff"; path = "../assets/fonts/HelveticaNeueW23forSKY-Bd_0.woff"; sourceTree = "<group>"; fileEncoding = undefined; lastKnownFileType = unknown; explicitFileType = undefined; includeInIndex = 0; };
		763D5690F31E48F3BE0FD145 /* HelveticaNeueW23forSKY-Reg_0.woff */ = {isa = PBXFileReference; name = "HelveticaNeueW23forSKY-Reg_0.woff"; path = "../assets/fonts/HelveticaNeueW23forSKY-Reg_0.woff"; sourceTree = "<group>"; fileEncoding = undefined; lastKnownFileType = unknown; explicitFileType = undefined; includeInIndex = 0; };
		0E8A9A4D94CC451690428749 /* NeoSansArabic_0.woff */ = {isa = PBXFileReference; name = "NeoSansArabic_0.woff"; path = "../assets/fonts/NeoSansArabic_0.woff"; sourceTree = "<group>"; fileEncoding = undefined; lastKnownFileType = unknown; explicitFileType = undefined; includeInIndex = 0; };
		2995C0C68CAE4A9AB4E170EF /* NeoSansW23-Medium%202.woff */ = {isa = PBXFileReference; name = "NeoSansW23-Medium%202.woff"; path = "../assets/fonts/NeoSansW23-Medium%202.woff"; sourceTree = "<group>"; fileEncoding = undefined; lastKnownFileType = unknown; explicitFileType = undefined; includeInIndex = 0; };
		C76158B042AF4DF0BEF1AE7A /* HelveticaNeueW23forSKY-Bd.woff */ = {isa = PBXFileReference; name = "HelveticaNeueW23forSKY-Bd.woff"; path = "../assets/fonts/HelveticaNeueW23forSKY-Bd.woff"; sourceTree = "<group>"; fileEncoding = undefined; lastKnownFileType = unknown; explicitFileType = undefined; includeInIndex = 0; };
		93437FC71DB34B9AA54F11C5 /* HelveticaNeueW23forSKY-Reg.woff */ = {isa = PBXFileReference; name = "HelveticaNeueW23forSKY-Reg.woff"; path = "../assets/fonts/HelveticaNeueW23forSKY-Reg.woff"; sourceTree = "<group>"; fileEncoding = undefined; lastKnownFileType = unknown; explicitFileType = undefined; includeInIndex = 0; };
		6FEF6F9D5FCB4A0CBE798CB3 /* NeoSansArabic-0.woff */ = {isa = PBXFileReference; name = "NeoSansArabic-0.woff"; path = "../assets/fonts/NeoSansArabic-0.woff"; sourceTree = "<group>"; fileEncoding = undefined; lastKnownFileType = unknown; explicitFileType = undefined; includeInIndex = 0; };
		06BD2F200722484691834417 /* NeoSansW23-Medium-2.woff */ = {isa = PBXFileReference; name = "NeoSansW23-Medium-2.woff"; path = "../assets/fonts/NeoSansW23-Medium-2.woff"; sourceTree = "<group>"; fileEncoding = undefined; lastKnownFileType = unknown; explicitFileType = undefined; includeInIndex = 0; };
		0921969340AD4E2C8F5D01F5 /* helvetica-neue-w23-for-sky-reg.ttf */ = {isa = PBXFileReference; name = "helvetica-neue-w23-for-sky-reg.ttf"; path = "../assets/fonts/helvetica-neue-w23-for-sky-reg.ttf"; sourceTree = "<group>"; fileEncoding = undefined; lastKnownFileType = unknown; explicitFileType = undefined; includeInIndex = 0; };
		335F070734AF447493BDD100 /* Neo Sans Arabic Regular.ttf */ = {isa = PBXFileReference; name = "Neo Sans Arabic Regular.ttf"; path = "../assets/fonts/Neo Sans Arabic Regular.ttf"; sourceTree = "<group>"; fileEncoding = undefined; lastKnownFileType = unknown; explicitFileType = undefined; includeInIndex = 0; };
		62411FDCDF5640FEB35A950E /* Neo_Sans_Medium.ttf */ = {isa = PBXFileReference; name = "Neo_Sans_Medium.ttf"; path = "../assets/fonts/Neo_Sans_Medium.ttf"; sourceTree = "<group>"; fileEncoding = undefined; lastKnownFileType = unknown; explicitFileType = undefined; includeInIndex = 0; };
		5129217EAA814033ABD8041B /* NeoSansArabic.ttf */ = {isa = PBXFileReference; name = "NeoSansArabic.ttf"; path = "../assets/fonts/NeoSansArabic.ttf"; sourceTree = "<group>"; fileEncoding = undefined; lastKnownFileType = unknown; explicitFileType = undefined; includeInIndex = 0; };
		A8A9C74763774E2F96214110 /* NeoSansArabicBlack.ttf */ = {isa = PBXFileReference; name = "NeoSansArabicBlack.ttf"; path = "../assets/fonts/NeoSansArabicBlack.ttf"; sourceTree = "<group>"; fileEncoding = undefined; lastKnownFileType = unknown; explicitFileType = undefined; includeInIndex = 0; };
		414A6EC56642461AB3D8E928 /* NeoSansArabicBold.ttf */ = {isa = PBXFileReference; name = "NeoSansArabicBold.ttf"; path = "../assets/fonts/NeoSansArabicBold.ttf"; sourceTree = "<group>"; fileEncoding = undefined; lastKnownFileType = unknown; explicitFileType = undefined; includeInIndex = 0; };
		9AD3D93443844F92A16D2E1A /* NeoSansArabicLight.ttf */ = {isa = PBXFileReference; name = "NeoSansArabicLight.ttf"; path = "../assets/fonts/NeoSansArabicLight.ttf"; sourceTree = "<group>"; fileEncoding = undefined; lastKnownFileType = unknown; explicitFileType = undefined; includeInIndex = 0; };
		EBBF8A5672D0477AAC3289E3 /* NeoSansArabicMedium.ttf */ = {isa = PBXFileReference; name = "NeoSansArabicMedium.ttf"; path = "../assets/fonts/NeoSansArabicMedium.ttf"; sourceTree = "<group>"; fileEncoding = undefined; lastKnownFileType = unknown; explicitFileType = undefined; includeInIndex = 0; };
		F005ACD070B74DE8B211AC6B /* NeoSansArabicUltra.ttf */ = {isa = PBXFileReference; name = "NeoSansArabicUltra.ttf"; path = "../assets/fonts/NeoSansArabicUltra.ttf"; sourceTree = "<group>"; fileEncoding = undefined; lastKnownFileType = unknown; explicitFileType = undefined; includeInIndex = 0; };
		745804F1B4764A4D86E76C69 /* AntDesign.ttf */ = {isa = PBXFileReference; name = "AntDesign.ttf"; path = "../node_modules/native-base/Fonts/AntDesign.ttf"; sourceTree = "<group>"; fileEncoding = undefined; lastKnownFileType = unknown; explicitFileType = undefined; includeInIndex = 0; };
		1C07B3DECC074998828018D3 /* Entypo.ttf */ = {isa = PBXFileReference; name = "Entypo.ttf"; path = "../node_modules/native-base/Fonts/Entypo.ttf"; sourceTree = "<group>"; fileEncoding = undefined; lastKnownFileType = unknown; explicitFileType = undefined; includeInIndex = 0; };
		31C76D786EA5431E95A99319 /* EvilIcons.ttf */ = {isa = PBXFileReference; name = "EvilIcons.ttf"; path = "../node_modules/native-base/Fonts/EvilIcons.ttf"; sourceTree = "<group>"; fileEncoding = undefined; lastKnownFileType = unknown; explicitFileType = undefined; includeInIndex = 0; };
		7FA73A0258A941EFB2A60E14 /* Feather.ttf */ = {isa = PBXFileReference; name = "Feather.ttf"; path = "../node_modules/native-base/Fonts/Feather.ttf"; sourceTree = "<group>"; fileEncoding = undefined; lastKnownFileType = unknown; explicitFileType = undefined; includeInIndex = 0; };
		9FAF799EC0C14AC595992603 /* FontAwesome.ttf */ = {isa = PBXFileReference; name = "FontAwesome.ttf"; path = "../node_modules/native-base/Fonts/FontAwesome.ttf"; sourceTree = "<group>"; fileEncoding = undefined; lastKnownFileType = unknown; explicitFileType = undefined; includeInIndex = 0; };
		F95A4366789643D1A80BDBB3 /* FontAwesome5_Brands.ttf */ = {isa = PBXFileReference; name = "FontAwesome5_Brands.ttf"; path = "../node_modules/native-base/Fonts/FontAwesome5_Brands.ttf"; sourceTree = "<group>"; fileEncoding = undefined; lastKnownFileType = unknown; explicitFileType = undefined; includeInIndex = 0; };
		66B7D61133FB4F19B437CB5E /* FontAwesome5_Regular.ttf */ = {isa = PBXFileReference; name = "FontAwesome5_Regular.ttf"; path = "../node_modules/native-base/Fonts/FontAwesome5_Regular.ttf"; sourceTree = "<group>"; fileEncoding = undefined; lastKnownFileType = unknown; explicitFileType = undefined; includeInIndex = 0; };
		DC669510821644B2B751A04F /* FontAwesome5_Solid.ttf */ = {isa = PBXFileReference; name = "FontAwesome5_Solid.ttf"; path = "../node_modules/native-base/Fonts/FontAwesome5_Solid.ttf"; sourceTree = "<group>"; fileEncoding = undefined; lastKnownFileType = unknown; explicitFileType = undefined; includeInIndex = 0; };
		65B413A884F84A3FA930E388 /* Fontisto.ttf */ = {isa = PBXFileReference; name = "Fontisto.ttf"; path = "../node_modules/native-base/Fonts/Fontisto.ttf"; sourceTree = "<group>"; fileEncoding = undefined; lastKnownFileType = unknown; explicitFileType = undefined; includeInIndex = 0; };
		468AD15059A8412A9E34F21A /* Foundation.ttf */ = {isa = PBXFileReference; name = "Foundation.ttf"; path = "../node_modules/native-base/Fonts/Foundation.ttf"; sourceTree = "<group>"; fileEncoding = undefined; lastKnownFileType = unknown; explicitFileType = undefined; includeInIndex = 0; };
		6587247FD3214CEA855820D9 /* Ionicons.ttf */ = {isa = PBXFileReference; name = "Ionicons.ttf"; path = "../node_modules/native-base/Fonts/Ionicons.ttf"; sourceTree = "<group>"; fileEncoding = undefined; lastKnownFileType = unknown; explicitFileType = undefined; includeInIndex = 0; };
		8B53E4AE954344AA8E808A1D /* MaterialCommunityIcons.ttf */ = {isa = PBXFileReference; name = "MaterialCommunityIcons.ttf"; path = "../node_modules/native-base/Fonts/MaterialCommunityIcons.ttf"; sourceTree = "<group>"; fileEncoding = undefined; lastKnownFileType = unknown; explicitFileType = undefined; includeInIndex = 0; };
		4611CB224851499593F78FC8 /* MaterialIcons.ttf */ = {isa = PBXFileReference; name = "MaterialIcons.ttf"; path = "../node_modules/native-base/Fonts/MaterialIcons.ttf"; sourceTree = "<group>"; fileEncoding = undefined; lastKnownFileType = unknown; explicitFileType = undefined; includeInIndex = 0; };
		F198C0837AD1480EBC3D5274 /* Octicons.ttf */ = {isa = PBXFileReference; name = "Octicons.ttf"; path = "../node_modules/native-base/Fonts/Octicons.ttf"; sourceTree = "<group>"; fileEncoding = undefined; lastKnownFileType = unknown; explicitFileType = undefined; includeInIndex = 0; };
		8D4B329DD2484B2C8E0822E2 /* Roboto_medium.ttf */ = {isa = PBXFileReference; name = "Roboto_medium.ttf"; path = "../node_modules/native-base/Fonts/Roboto_medium.ttf"; sourceTree = "<group>"; fileEncoding = undefined; lastKnownFileType = unknown; explicitFileType = undefined; includeInIndex = 0; };
		948B095695C84AEEA69A8902 /* Roboto.ttf */ = {isa = PBXFileReference; name = "Roboto.ttf"; path = "../node_modules/native-base/Fonts/Roboto.ttf"; sourceTree = "<group>"; fileEncoding = undefined; lastKnownFileType = unknown; explicitFileType = undefined; includeInIndex = 0; };
		A6C05CDD8547434D92ECE5CC /* rubicon-icon-font.ttf */ = {isa = PBXFileReference; name = "rubicon-icon-font.ttf"; path = "../node_modules/native-base/Fonts/rubicon-icon-font.ttf"; sourceTree = "<group>"; fileEncoding = undefined; lastKnownFileType = unknown; explicitFileType = undefined; includeInIndex = 0; };
		E167F34370D24C66BE8CBEA5 /* SimpleLineIcons.ttf */ = {isa = PBXFileReference; name = "SimpleLineIcons.ttf"; path = "../node_modules/native-base/Fonts/SimpleLineIcons.ttf"; sourceTree = "<group>"; fileEncoding = undefined; lastKnownFileType = unknown; explicitFileType = undefined; includeInIndex = 0; };
		3B7B43960DE84487B4A722DD /* Zocial.ttf */ = {isa = PBXFileReference; name = "Zocial.ttf"; path = "../node_modules/native-base/Fonts/Zocial.ttf"; sourceTree = "<group>"; fileEncoding = undefined; lastKnownFileType = unknown; explicitFileType = undefined; includeInIndex = 0; };
/* End PBXFileReference section */

/* Begin PBXFrameworksBuildPhase section */
		00E356EB1AD99517003FC87E /* Frameworks */ = {
			isa = PBXFrameworksBuildPhase;
			buildActionMask = 2147483647;
			files = (
			);
			runOnlyForDeploymentPostprocessing = 0;
		};
		13B07F8C1A680F5B00A75B9A /* Frameworks */ = {
			isa = PBXFrameworksBuildPhase;
			buildActionMask = 2147483647;
			files = (
			);
			runOnlyForDeploymentPostprocessing = 0;
		};
		2D02E4781E0B4A5D006451C7 /* Frameworks */ = {
			isa = PBXFrameworksBuildPhase;
			buildActionMask = 2147483647;
			files = (
			);
			runOnlyForDeploymentPostprocessing = 0;
		};
		2D02E48D1E0B4A5D006451C7 /* Frameworks */ = {
			isa = PBXFrameworksBuildPhase;
			buildActionMask = 2147483647;
			files = (
			);
			runOnlyForDeploymentPostprocessing = 0;
		};
/* End PBXFrameworksBuildPhase section */

/* Begin PBXGroup section */
		00E356EF1AD99517003FC87E /* studentAppTests */ = {
			isa = PBXGroup;
			children = (
				00E356F21AD99517003FC87E /* studentAppTests.m */,
				00E356F01AD99517003FC87E /* Supporting Files */,
			);
			path = studentAppTests;
			sourceTree = "<group>";
		};
		00E356F01AD99517003FC87E /* Supporting Files */ = {
			isa = PBXGroup;
			children = (
				00E356F11AD99517003FC87E /* Info.plist */,
			);
			name = "Supporting Files";
			sourceTree = "<group>";
		};
		13B07FAE1A68108700A75B9A /* studentApp */ = {
			isa = PBXGroup;
			children = (
				008F07F21AC5B25A0029DE68 /* main.jsbundle */,
				13B07FAF1A68108700A75B9A /* AppDelegate.h */,
				13B07FB01A68108700A75B9A /* AppDelegate.m */,
				13B07FB51A68108700A75B9A /* Images.xcassets */,
				13B07FB61A68108700A75B9A /* Info.plist */,
				81AB9BB72411601600AC10FF /* LaunchScreen.storyboard */,
				13B07FB71A68108700A75B9A /* main.m */,
			);
			name = studentApp;
			sourceTree = "<group>";
		};
		2D16E6871FA4F8E400B85C8A /* Frameworks */ = {
			isa = PBXGroup;
			children = (
				ED297162215061F000B7C4FE /* JavaScriptCore.framework */,
				ED2971642150620600B7C4FE /* JavaScriptCore.framework */,
			);
			name = Frameworks;
			sourceTree = "<group>";
		};
		832341AE1AAA6A7D00B99B32 /* Libraries */ = {
			isa = PBXGroup;
			children = (
			);
			name = Libraries;
			sourceTree = "<group>";
		};
		83CBB9F61A601CBA00E9B192 = {
			isa = PBXGroup;
			children = (
				13B07FAE1A68108700A75B9A /* studentApp */,
				832341AE1AAA6A7D00B99B32 /* Libraries */,
				00E356EF1AD99517003FC87E /* studentAppTests */,
				83CBBA001A601CBA00E9B192 /* Products */,
				2D16E6871FA4F8E400B85C8A /* Frameworks */,
				0D76E4CCA737438E916541D3 /* Resources */,
			);
			indentWidth = 2;
			sourceTree = "<group>";
			tabWidth = 2;
			usesTabs = 0;
		};
		83CBBA001A601CBA00E9B192 /* Products */ = {
			isa = PBXGroup;
			children = (
				13B07F961A680F5B00A75B9A /* studentApp.app */,
				00E356EE1AD99517003FC87E /* studentAppTests.xctest */,
				2D02E47B1E0B4A5D006451C7 /* studentApp-tvOS.app */,
				2D02E4901E0B4A5D006451C7 /* studentApp-tvOSTests.xctest */,
			);
			name = Products;
			sourceTree = "<group>";
		};
		0D76E4CCA737438E916541D3 /* Resources */ = {
			isa = "PBXGroup";
			children = (
				651B5B6180A34EC6B85CF95D /* HelveticaNeueW23forSKY-Bd_0.woff */,
				763D5690F31E48F3BE0FD145 /* HelveticaNeueW23forSKY-Reg_0.woff */,
				0E8A9A4D94CC451690428749 /* NeoSansArabic_0.woff */,
				2995C0C68CAE4A9AB4E170EF /* NeoSansW23-Medium%202.woff */,
				C76158B042AF4DF0BEF1AE7A /* HelveticaNeueW23forSKY-Bd.woff */,
				93437FC71DB34B9AA54F11C5 /* HelveticaNeueW23forSKY-Reg.woff */,
				6FEF6F9D5FCB4A0CBE798CB3 /* NeoSansArabic-0.woff */,
				06BD2F200722484691834417 /* NeoSansW23-Medium-2.woff */,
				0921969340AD4E2C8F5D01F5 /* helvetica-neue-w23-for-sky-reg.ttf */,
				335F070734AF447493BDD100 /* Neo Sans Arabic Regular.ttf */,
				62411FDCDF5640FEB35A950E /* Neo_Sans_Medium.ttf */,
				5129217EAA814033ABD8041B /* NeoSansArabic.ttf */,
				A8A9C74763774E2F96214110 /* NeoSansArabicBlack.ttf */,
				414A6EC56642461AB3D8E928 /* NeoSansArabicBold.ttf */,
				9AD3D93443844F92A16D2E1A /* NeoSansArabicLight.ttf */,
				EBBF8A5672D0477AAC3289E3 /* NeoSansArabicMedium.ttf */,
				F005ACD070B74DE8B211AC6B /* NeoSansArabicUltra.ttf */,
				745804F1B4764A4D86E76C69 /* AntDesign.ttf */,
				1C07B3DECC074998828018D3 /* Entypo.ttf */,
				31C76D786EA5431E95A99319 /* EvilIcons.ttf */,
				7FA73A0258A941EFB2A60E14 /* Feather.ttf */,
				9FAF799EC0C14AC595992603 /* FontAwesome.ttf */,
				F95A4366789643D1A80BDBB3 /* FontAwesome5_Brands.ttf */,
				66B7D61133FB4F19B437CB5E /* FontAwesome5_Regular.ttf */,
				DC669510821644B2B751A04F /* FontAwesome5_Solid.ttf */,
				65B413A884F84A3FA930E388 /* Fontisto.ttf */,
				468AD15059A8412A9E34F21A /* Foundation.ttf */,
				6587247FD3214CEA855820D9 /* Ionicons.ttf */,
				8B53E4AE954344AA8E808A1D /* MaterialCommunityIcons.ttf */,
				4611CB224851499593F78FC8 /* MaterialIcons.ttf */,
				F198C0837AD1480EBC3D5274 /* Octicons.ttf */,
				8D4B329DD2484B2C8E0822E2 /* Roboto_medium.ttf */,
				948B095695C84AEEA69A8902 /* Roboto.ttf */,
				A6C05CDD8547434D92ECE5CC /* rubicon-icon-font.ttf */,
				E167F34370D24C66BE8CBEA5 /* SimpleLineIcons.ttf */,
				3B7B43960DE84487B4A722DD /* Zocial.ttf */,
			);
			name = Resources;
			sourceTree = "<group>";
			path = "";
		};
/* End PBXGroup section */

/* Begin PBXNativeTarget section */
		00E356ED1AD99517003FC87E /* studentAppTests */ = {
			isa = PBXNativeTarget;
			buildConfigurationList = 00E357021AD99517003FC87E /* Build configuration list for PBXNativeTarget "studentAppTests" */;
			buildPhases = (
				00E356EA1AD99517003FC87E /* Sources */,
				00E356EB1AD99517003FC87E /* Frameworks */,
				00E356EC1AD99517003FC87E /* Resources */,
			);
			buildRules = (
			);
			dependencies = (
				00E356F51AD99517003FC87E /* PBXTargetDependency */,
			);
			name = studentAppTests;
			productName = studentAppTests;
			productReference = 00E356EE1AD99517003FC87E /* studentAppTests.xctest */;
			productType = "com.apple.product-type.bundle.unit-test";
		};
		13B07F861A680F5B00A75B9A /* studentApp */ = {
			isa = PBXNativeTarget;
			buildConfigurationList = 13B07F931A680F5B00A75B9A /* Build configuration list for PBXNativeTarget "studentApp" */;
			buildPhases = (
				FD10A7F022414F080027D42C /* Start Packager */,
				13B07F871A680F5B00A75B9A /* Sources */,
				13B07F8C1A680F5B00A75B9A /* Frameworks */,
				13B07F8E1A680F5B00A75B9A /* Resources */,
				00DD1BFF1BD5951E006B06BC /* Bundle React Native code and images */,
			);
			buildRules = (
			);
			dependencies = (
			);
			name = studentApp;
			productName = studentApp;
			productReference = 13B07F961A680F5B00A75B9A /* studentApp.app */;
			productType = "com.apple.product-type.application";
		};
		2D02E47A1E0B4A5D006451C7 /* studentApp-tvOS */ = {
			isa = PBXNativeTarget;
			buildConfigurationList = 2D02E4BA1E0B4A5E006451C7 /* Build configuration list for PBXNativeTarget "studentApp-tvOS" */;
			buildPhases = (
				FD10A7F122414F3F0027D42C /* Start Packager */,
				2D02E4771E0B4A5D006451C7 /* Sources */,
				2D02E4781E0B4A5D006451C7 /* Frameworks */,
				2D02E4791E0B4A5D006451C7 /* Resources */,
				2D02E4CB1E0B4B27006451C7 /* Bundle React Native Code And Images */,
			);
			buildRules = (
			);
			dependencies = (
			);
			name = "studentApp-tvOS";
			productName = "studentApp-tvOS";
			productReference = 2D02E47B1E0B4A5D006451C7 /* studentApp-tvOS.app */;
			productType = "com.apple.product-type.application";
		};
		2D02E48F1E0B4A5D006451C7 /* studentApp-tvOSTests */ = {
			isa = PBXNativeTarget;
			buildConfigurationList = 2D02E4BB1E0B4A5E006451C7 /* Build configuration list for PBXNativeTarget "studentApp-tvOSTests" */;
			buildPhases = (
				2D02E48C1E0B4A5D006451C7 /* Sources */,
				2D02E48D1E0B4A5D006451C7 /* Frameworks */,
				2D02E48E1E0B4A5D006451C7 /* Resources */,
			);
			buildRules = (
			);
			dependencies = (
				2D02E4921E0B4A5D006451C7 /* PBXTargetDependency */,
			);
			name = "studentApp-tvOSTests";
			productName = "studentApp-tvOSTests";
			productReference = 2D02E4901E0B4A5D006451C7 /* studentApp-tvOSTests.xctest */;
			productType = "com.apple.product-type.bundle.unit-test";
		};
/* End PBXNativeTarget section */

/* Begin PBXProject section */
		83CBB9F71A601CBA00E9B192 /* Project object */ = {
			isa = PBXProject;
			attributes = {
				LastUpgradeCheck = 1130;
				TargetAttributes = {
					00E356ED1AD99517003FC87E = {
						CreatedOnToolsVersion = 6.2;
						TestTargetID = 13B07F861A680F5B00A75B9A;
					};
					13B07F861A680F5B00A75B9A = {
						LastSwiftMigration = 1120;
					};
					2D02E47A1E0B4A5D006451C7 = {
						CreatedOnToolsVersion = 8.2.1;
						ProvisioningStyle = Automatic;
					};
					2D02E48F1E0B4A5D006451C7 = {
						CreatedOnToolsVersion = 8.2.1;
						ProvisioningStyle = Automatic;
						TestTargetID = 2D02E47A1E0B4A5D006451C7;
					};
				};
			};
			buildConfigurationList = 83CBB9FA1A601CBA00E9B192 /* Build configuration list for PBXProject "studentApp" */;
			compatibilityVersion = "Xcode 3.2";
			developmentRegion = en;
			hasScannedForEncodings = 0;
			knownRegions = (
				en,
				Base,
			);
			mainGroup = 83CBB9F61A601CBA00E9B192;
			productRefGroup = 83CBBA001A601CBA00E9B192 /* Products */;
			projectDirPath = "";
			projectRoot = "";
			targets = (
				13B07F861A680F5B00A75B9A /* studentApp */,
				00E356ED1AD99517003FC87E /* studentAppTests */,
				2D02E47A1E0B4A5D006451C7 /* studentApp-tvOS */,
				2D02E48F1E0B4A5D006451C7 /* studentApp-tvOSTests */,
			);
		};
/* End PBXProject section */

/* Begin PBXResourcesBuildPhase section */
		00E356EC1AD99517003FC87E /* Resources */ = {
			isa = PBXResourcesBuildPhase;
			buildActionMask = 2147483647;
			files = (
			);
			runOnlyForDeploymentPostprocessing = 0;
		};
		13B07F8E1A680F5B00A75B9A /* Resources */ = {
			isa = PBXResourcesBuildPhase;
			buildActionMask = 2147483647;
			files = (
				81AB9BB82411601600AC10FF /* LaunchScreen.storyboard in Resources */,
				13B07FBF1A68108700A75B9A /* Images.xcassets in Resources */,
				831A234261BD4A53A031A645 /* HelveticaNeueW23forSKY-Bd_0.woff in Resources */,
				771F2533FF5047D1965E42B9 /* HelveticaNeueW23forSKY-Reg_0.woff in Resources */,
				84E183CE157E4AA6B29FDEAB /* NeoSansArabic_0.woff in Resources */,
				41DE765A54D24EEC8426108B /* NeoSansW23-Medium%202.woff in Resources */,
				72E0675810894689A2D1053A /* HelveticaNeueW23forSKY-Bd.woff in Resources */,
				60207A1109594ED9BF765821 /* HelveticaNeueW23forSKY-Reg.woff in Resources */,
				CAA7EF0261B742C89A82F0B3 /* NeoSansArabic-0.woff in Resources */,
				26DF50E19B5F4AFEB3FD3B74 /* NeoSansW23-Medium-2.woff in Resources */,
				0862675C44A84CA7A900424D /* helvetica-neue-w23-for-sky-reg.ttf in Resources */,
				189AE5A0C7614C7B9D454962 /* Neo Sans Arabic Regular.ttf in Resources */,
				8072840E0A3C4DD7951D77F2 /* Neo_Sans_Medium.ttf in Resources */,
				4F097C438BEE4C878507C004 /* NeoSansArabic.ttf in Resources */,
				D561D390F02E4888962DFF9D /* NeoSansArabicBlack.ttf in Resources */,
				BBC3D441374B440CBDA969F1 /* NeoSansArabicBold.ttf in Resources */,
				6998A0D36F7A429280F6D7D3 /* NeoSansArabicLight.ttf in Resources */,
				328161BDA5FF4EFCA107ADED /* NeoSansArabicMedium.ttf in Resources */,
				77D443C9F7F64CC4B81831AC /* NeoSansArabicUltra.ttf in Resources */,
				DA06EEC7CE8D4FDC924494F0 /* AntDesign.ttf in Resources */,
				384632A6A00547918604592D /* Entypo.ttf in Resources */,
				5FA84F9B255D414B832DDF35 /* EvilIcons.ttf in Resources */,
				FED3F4E42D2F4399BC9A2AF6 /* Feather.ttf in Resources */,
				34BBAA3E478746EEB4664B5C /* FontAwesome.ttf in Resources */,
				3757156B2DFA4ED184327524 /* FontAwesome5_Brands.ttf in Resources */,
				6930701A25E74E16AC38B5F0 /* FontAwesome5_Regular.ttf in Resources */,
				08C5BFA1F3CD4B68B6924467 /* FontAwesome5_Solid.ttf in Resources */,
				F4179BEDEEE0479A955C48BB /* Fontisto.ttf in Resources */,
				2AACC629A5174AFEBED91E00 /* Foundation.ttf in Resources */,
				BD73AE3741CD4BC688DA89F8 /* Ionicons.ttf in Resources */,
				1998C42EFA0F44BFB3750B1B /* MaterialCommunityIcons.ttf in Resources */,
				5F3A6124FDC64372B5D59C90 /* MaterialIcons.ttf in Resources */,
				B8A8CFCF637F42B681E65038 /* Octicons.ttf in Resources */,
				DF067E367E6347539F7F6683 /* Roboto_medium.ttf in Resources */,
				A964B2F40B244318895F155C /* Roboto.ttf in Resources */,
				BA934D184E5F43E6BE5BF1D2 /* rubicon-icon-font.ttf in Resources */,
				C1B17C43C0374A28B1203EEF /* SimpleLineIcons.ttf in Resources */,
				2D7615846ED843B8BEB4986B /* Zocial.ttf in Resources */,
			);
			runOnlyForDeploymentPostprocessing = 0;
		};
		2D02E4791E0B4A5D006451C7 /* Resources */ = {
			isa = PBXResourcesBuildPhase;
			buildActionMask = 2147483647;
			files = (
				2D02E4BD1E0B4A84006451C7 /* Images.xcassets in Resources */,
			);
			runOnlyForDeploymentPostprocessing = 0;
		};
		2D02E48E1E0B4A5D006451C7 /* Resources */ = {
			isa = PBXResourcesBuildPhase;
			buildActionMask = 2147483647;
			files = (
			);
			runOnlyForDeploymentPostprocessing = 0;
		};
/* End PBXResourcesBuildPhase section */

/* Begin PBXShellScriptBuildPhase section */
		00DD1BFF1BD5951E006B06BC /* Bundle React Native code and images */ = {
			isa = PBXShellScriptBuildPhase;
			buildActionMask = 2147483647;
			files = (
			);
			inputPaths = (
			);
			name = "Bundle React Native code and images";
			outputPaths = (
			);
			runOnlyForDeploymentPostprocessing = 0;
			shellPath = /bin/sh;
			shellScript = "export NODE_BINARY=node\n../node_modules/react-native/scripts/react-native-xcode.sh";
		};
		2D02E4CB1E0B4B27006451C7 /* Bundle React Native Code And Images */ = {
			isa = PBXShellScriptBuildPhase;
			buildActionMask = 2147483647;
			files = (
			);
			inputPaths = (
			);
			name = "Bundle React Native Code And Images";
			outputPaths = (
			);
			runOnlyForDeploymentPostprocessing = 0;
			shellPath = /bin/sh;
			shellScript = "export NODE_BINARY=node\n../node_modules/react-native/scripts/react-native-xcode.sh";
		};
		FD10A7F022414F080027D42C /* Start Packager */ = {
			isa = PBXShellScriptBuildPhase;
			buildActionMask = 2147483647;
			files = (
			);
			inputFileListPaths = (
			);
			inputPaths = (
			);
			name = "Start Packager";
			outputFileListPaths = (
			);
			outputPaths = (
			);
			runOnlyForDeploymentPostprocessing = 0;
			shellPath = /bin/sh;
			shellScript = "export RCT_METRO_PORT=\"${RCT_METRO_PORT:=8081}\"\necho \"export RCT_METRO_PORT=${RCT_METRO_PORT}\" > \"${SRCROOT}/../node_modules/react-native/scripts/.packager.env\"\nif [ -z \"${RCT_NO_LAUNCH_PACKAGER+xxx}\" ] ; then\n  if nc -w 5 -z localhost ${RCT_METRO_PORT} ; then\n    if ! curl -s \"http://localhost:${RCT_METRO_PORT}/status\" | grep -q \"packager-status:running\" ; then\n      echo \"Port ${RCT_METRO_PORT} already in use, packager is either not running or not running correctly\"\n      exit 2\n    fi\n  else\n    open \"$SRCROOT/../node_modules/react-native/scripts/launchPackager.command\" || echo \"Can't start packager automatically\"\n  fi\nfi\n";
			showEnvVarsInLog = 0;
		};
		FD10A7F122414F3F0027D42C /* Start Packager */ = {
			isa = PBXShellScriptBuildPhase;
			buildActionMask = 2147483647;
			files = (
			);
			inputFileListPaths = (
			);
			inputPaths = (
			);
			name = "Start Packager";
			outputFileListPaths = (
			);
			outputPaths = (
			);
			runOnlyForDeploymentPostprocessing = 0;
			shellPath = /bin/sh;
			shellScript = "export RCT_METRO_PORT=\"${RCT_METRO_PORT:=8081}\"\necho \"export RCT_METRO_PORT=${RCT_METRO_PORT}\" > \"${SRCROOT}/../node_modules/react-native/scripts/.packager.env\"\nif [ -z \"${RCT_NO_LAUNCH_PACKAGER+xxx}\" ] ; then\n  if nc -w 5 -z localhost ${RCT_METRO_PORT} ; then\n    if ! curl -s \"http://localhost:${RCT_METRO_PORT}/status\" | grep -q \"packager-status:running\" ; then\n      echo \"Port ${RCT_METRO_PORT} already in use, packager is either not running or not running correctly\"\n      exit 2\n    fi\n  else\n    open \"$SRCROOT/../node_modules/react-native/scripts/launchPackager.command\" || echo \"Can't start packager automatically\"\n  fi\nfi\n";
			showEnvVarsInLog = 0;
		};
/* End PBXShellScriptBuildPhase section */

/* Begin PBXSourcesBuildPhase section */
		00E356EA1AD99517003FC87E /* Sources */ = {
			isa = PBXSourcesBuildPhase;
			buildActionMask = 2147483647;
			files = (
				00E356F31AD99517003FC87E /* studentAppTests.m in Sources */,
			);
			runOnlyForDeploymentPostprocessing = 0;
		};
		13B07F871A680F5B00A75B9A /* Sources */ = {
			isa = PBXSourcesBuildPhase;
			buildActionMask = 2147483647;
			files = (
				13B07FBC1A68108700A75B9A /* AppDelegate.m in Sources */,
				13B07FC11A68108700A75B9A /* main.m in Sources */,
			);
			runOnlyForDeploymentPostprocessing = 0;
		};
		2D02E4771E0B4A5D006451C7 /* Sources */ = {
			isa = PBXSourcesBuildPhase;
			buildActionMask = 2147483647;
			files = (
				2D02E4BF1E0B4AB3006451C7 /* main.m in Sources */,
				2D02E4BC1E0B4A80006451C7 /* AppDelegate.m in Sources */,
			);
			runOnlyForDeploymentPostprocessing = 0;
		};
		2D02E48C1E0B4A5D006451C7 /* Sources */ = {
			isa = PBXSourcesBuildPhase;
			buildActionMask = 2147483647;
			files = (
				2DCD954D1E0B4F2C00145EB5 /* studentAppTests.m in Sources */,
			);
			runOnlyForDeploymentPostprocessing = 0;
		};
/* End PBXSourcesBuildPhase section */

/* Begin PBXTargetDependency section */
		00E356F51AD99517003FC87E /* PBXTargetDependency */ = {
			isa = PBXTargetDependency;
			target = 13B07F861A680F5B00A75B9A /* studentApp */;
			targetProxy = 00E356F41AD99517003FC87E /* PBXContainerItemProxy */;
		};
		2D02E4921E0B4A5D006451C7 /* PBXTargetDependency */ = {
			isa = PBXTargetDependency;
			target = 2D02E47A1E0B4A5D006451C7 /* studentApp-tvOS */;
			targetProxy = 2D02E4911E0B4A5D006451C7 /* PBXContainerItemProxy */;
		};
/* End PBXTargetDependency section */

/* Begin XCBuildConfiguration section */
		00E356F61AD99517003FC87E /* Debug */ = {
			isa = XCBuildConfiguration;
			buildSettings = {
				BUNDLE_LOADER = "$(TEST_HOST)";
				GCC_PREPROCESSOR_DEFINITIONS = (
					"DEBUG=1",
					"$(inherited)",
				);
				INFOPLIST_FILE = studentAppTests/Info.plist;
				IPHONEOS_DEPLOYMENT_TARGET = 10.0;
				LD_RUNPATH_SEARCH_PATHS = "$(inherited) @executable_path/Frameworks @loader_path/Frameworks";
				OTHER_LDFLAGS = (
					"-ObjC",
					"-lc++",
					"$(inherited)",
				);
				PRODUCT_BUNDLE_IDENTIFIER = "org.reactjs.native.example.$(PRODUCT_NAME:rfc1034identifier)";
				PRODUCT_NAME = "$(TARGET_NAME)";
				TEST_HOST = "$(BUILT_PRODUCTS_DIR)/studentApp.app/studentApp";
			};
			name = Debug;
		};
		00E356F71AD99517003FC87E /* Release */ = {
			isa = XCBuildConfiguration;
			buildSettings = {
				BUNDLE_LOADER = "$(TEST_HOST)";
				COPY_PHASE_STRIP = NO;
				INFOPLIST_FILE = studentAppTests/Info.plist;
				IPHONEOS_DEPLOYMENT_TARGET = 10.0;
				LD_RUNPATH_SEARCH_PATHS = "$(inherited) @executable_path/Frameworks @loader_path/Frameworks";
				OTHER_LDFLAGS = (
					"-ObjC",
					"-lc++",
					"$(inherited)",
				);
				PRODUCT_BUNDLE_IDENTIFIER = "org.reactjs.native.example.$(PRODUCT_NAME:rfc1034identifier)";
				PRODUCT_NAME = "$(TARGET_NAME)";
				TEST_HOST = "$(BUILT_PRODUCTS_DIR)/studentApp.app/studentApp";
			};
			name = Release;
		};
		13B07F941A680F5B00A75B9A /* Debug */ = {
			isa = XCBuildConfiguration;
			buildSettings = {
				ASSETCATALOG_COMPILER_APPICON_NAME = AppIcon;
				CLANG_ENABLE_MODULES = YES;
				CURRENT_PROJECT_VERSION = 1;
				ENABLE_BITCODE = NO;
				INFOPLIST_FILE = studentApp/Info.plist;
				LD_RUNPATH_SEARCH_PATHS = "$(inherited) @executable_path/Frameworks";
				OTHER_LDFLAGS = (
					"$(inherited)",
					"-ObjC",
					"-lc++",
				);
				PRODUCT_BUNDLE_IDENTIFIER = "org.reactjs.native.example.$(PRODUCT_NAME:rfc1034identifier)";
				PRODUCT_NAME = studentApp;
				SWIFT_OPTIMIZATION_LEVEL = "-Onone";
				SWIFT_VERSION = 5.0;
				VERSIONING_SYSTEM = "apple-generic";
			};
			name = Debug;
		};
		13B07F951A680F5B00A75B9A /* Release */ = {
			isa = XCBuildConfiguration;
			buildSettings = {
				ASSETCATALOG_COMPILER_APPICON_NAME = AppIcon;
				CLANG_ENABLE_MODULES = YES;
				CURRENT_PROJECT_VERSION = 1;
				INFOPLIST_FILE = studentApp/Info.plist;
				LD_RUNPATH_SEARCH_PATHS = "$(inherited) @executable_path/Frameworks";
				OTHER_LDFLAGS = (
					"$(inherited)",
					"-ObjC",
					"-lc++",
				);
				PRODUCT_BUNDLE_IDENTIFIER = "org.reactjs.native.example.$(PRODUCT_NAME:rfc1034identifier)";
				PRODUCT_NAME = studentApp;
				SWIFT_VERSION = 5.0;
				VERSIONING_SYSTEM = "apple-generic";
			};
			name = Release;
		};
		2D02E4971E0B4A5E006451C7 /* Debug */ = {
			isa = XCBuildConfiguration;
			buildSettings = {
				ASSETCATALOG_COMPILER_APPICON_NAME = "App Icon & Top Shelf Image";
				ASSETCATALOG_COMPILER_LAUNCHIMAGE_NAME = LaunchImage;
				CLANG_ANALYZER_NONNULL = YES;
				CLANG_WARN_DOCUMENTATION_COMMENTS = YES;
				CLANG_WARN_INFINITE_RECURSION = YES;
				CLANG_WARN_SUSPICIOUS_MOVE = YES;
				DEBUG_INFORMATION_FORMAT = dwarf;
				ENABLE_TESTABILITY = YES;
				GCC_NO_COMMON_BLOCKS = YES;
				INFOPLIST_FILE = "studentApp-tvOS/Info.plist";
				LD_RUNPATH_SEARCH_PATHS = "$(inherited) @executable_path/Frameworks";
				OTHER_LDFLAGS = (
					"$(inherited)",
					"-ObjC",
					"-lc++",
				);
				PRODUCT_BUNDLE_IDENTIFIER = "org.reactjs.native.example.studentApp-tvOS";
				PRODUCT_NAME = "$(TARGET_NAME)";
				SDKROOT = appletvos;
				TARGETED_DEVICE_FAMILY = 3;
				TVOS_DEPLOYMENT_TARGET = 10.0;
			};
			name = Debug;
		};
		2D02E4981E0B4A5E006451C7 /* Release */ = {
			isa = XCBuildConfiguration;
			buildSettings = {
				ASSETCATALOG_COMPILER_APPICON_NAME = "App Icon & Top Shelf Image";
				ASSETCATALOG_COMPILER_LAUNCHIMAGE_NAME = LaunchImage;
				CLANG_ANALYZER_NONNULL = YES;
				CLANG_WARN_DOCUMENTATION_COMMENTS = YES;
				CLANG_WARN_INFINITE_RECURSION = YES;
				CLANG_WARN_SUSPICIOUS_MOVE = YES;
				COPY_PHASE_STRIP = NO;
				DEBUG_INFORMATION_FORMAT = "dwarf-with-dsym";
				GCC_NO_COMMON_BLOCKS = YES;
				INFOPLIST_FILE = "studentApp-tvOS/Info.plist";
				LD_RUNPATH_SEARCH_PATHS = "$(inherited) @executable_path/Frameworks";
				OTHER_LDFLAGS = (
					"$(inherited)",
					"-ObjC",
					"-lc++",
				);
				PRODUCT_BUNDLE_IDENTIFIER = "org.reactjs.native.example.studentApp-tvOS";
				PRODUCT_NAME = "$(TARGET_NAME)";
				SDKROOT = appletvos;
				TARGETED_DEVICE_FAMILY = 3;
				TVOS_DEPLOYMENT_TARGET = 10.0;
			};
			name = Release;
		};
		2D02E4991E0B4A5E006451C7 /* Debug */ = {
			isa = XCBuildConfiguration;
			buildSettings = {
				BUNDLE_LOADER = "$(TEST_HOST)";
				CLANG_ANALYZER_NONNULL = YES;
				CLANG_WARN_DOCUMENTATION_COMMENTS = YES;
				CLANG_WARN_INFINITE_RECURSION = YES;
				CLANG_WARN_SUSPICIOUS_MOVE = YES;
				DEBUG_INFORMATION_FORMAT = dwarf;
				ENABLE_TESTABILITY = YES;
				GCC_NO_COMMON_BLOCKS = YES;
				INFOPLIST_FILE = "studentApp-tvOSTests/Info.plist";
				LD_RUNPATH_SEARCH_PATHS = "$(inherited) @executable_path/Frameworks @loader_path/Frameworks";
				OTHER_LDFLAGS = (
					"$(inherited)",
					"-ObjC",
					"-lc++",
				);
				PRODUCT_BUNDLE_IDENTIFIER = "org.reactjs.native.example.studentApp-tvOSTests";
				PRODUCT_NAME = "$(TARGET_NAME)";
				SDKROOT = appletvos;
				TEST_HOST = "$(BUILT_PRODUCTS_DIR)/studentApp-tvOS.app/studentApp-tvOS";
				TVOS_DEPLOYMENT_TARGET = 10.1;
			};
			name = Debug;
		};
		2D02E49A1E0B4A5E006451C7 /* Release */ = {
			isa = XCBuildConfiguration;
			buildSettings = {
				BUNDLE_LOADER = "$(TEST_HOST)";
				CLANG_ANALYZER_NONNULL = YES;
				CLANG_WARN_DOCUMENTATION_COMMENTS = YES;
				CLANG_WARN_INFINITE_RECURSION = YES;
				CLANG_WARN_SUSPICIOUS_MOVE = YES;
				COPY_PHASE_STRIP = NO;
				DEBUG_INFORMATION_FORMAT = "dwarf-with-dsym";
				GCC_NO_COMMON_BLOCKS = YES;
				INFOPLIST_FILE = "studentApp-tvOSTests/Info.plist";
				LD_RUNPATH_SEARCH_PATHS = "$(inherited) @executable_path/Frameworks @loader_path/Frameworks";
				OTHER_LDFLAGS = (
					"$(inherited)",
					"-ObjC",
					"-lc++",
				);
				PRODUCT_BUNDLE_IDENTIFIER = "org.reactjs.native.example.studentApp-tvOSTests";
				PRODUCT_NAME = "$(TARGET_NAME)";
				SDKROOT = appletvos;
				TEST_HOST = "$(BUILT_PRODUCTS_DIR)/studentApp-tvOS.app/studentApp-tvOS";
				TVOS_DEPLOYMENT_TARGET = 10.1;
			};
			name = Release;
		};
		83CBBA201A601CBA00E9B192 /* Debug */ = {
			isa = XCBuildConfiguration;
			buildSettings = {
				ALWAYS_SEARCH_USER_PATHS = NO;
				CLANG_ANALYZER_LOCALIZABILITY_NONLOCALIZED = YES;
				CLANG_CXX_LANGUAGE_STANDARD = "gnu++0x";
				CLANG_CXX_LIBRARY = "libc++";
				CLANG_ENABLE_MODULES = YES;
				CLANG_ENABLE_OBJC_ARC = YES;
				CLANG_WARN_BLOCK_CAPTURE_AUTORELEASING = YES;
				CLANG_WARN_BOOL_CONVERSION = YES;
				CLANG_WARN_COMMA = YES;
				CLANG_WARN_CONSTANT_CONVERSION = YES;
				CLANG_WARN_DEPRECATED_OBJC_IMPLEMENTATIONS = YES;
				CLANG_WARN_DIRECT_OBJC_ISA_USAGE = YES_ERROR;
				CLANG_WARN_EMPTY_BODY = YES;
				CLANG_WARN_ENUM_CONVERSION = YES;
				CLANG_WARN_INFINITE_RECURSION = YES;
				CLANG_WARN_INT_CONVERSION = YES;
				CLANG_WARN_NON_LITERAL_NULL_CONVERSION = YES;
				CLANG_WARN_OBJC_IMPLICIT_RETAIN_SELF = YES;
				CLANG_WARN_OBJC_LITERAL_CONVERSION = YES;
				CLANG_WARN_OBJC_ROOT_CLASS = YES_ERROR;
				CLANG_WARN_RANGE_LOOP_ANALYSIS = YES;
				CLANG_WARN_STRICT_PROTOTYPES = YES;
				CLANG_WARN_SUSPICIOUS_MOVE = YES;
				CLANG_WARN_UNREACHABLE_CODE = YES;
				CLANG_WARN__DUPLICATE_METHOD_MATCH = YES;
				"CODE_SIGN_IDENTITY[sdk=iphoneos*]" = "iPhone Developer";
				COPY_PHASE_STRIP = NO;
				ENABLE_STRICT_OBJC_MSGSEND = YES;
				ENABLE_TESTABILITY = YES;
				GCC_C_LANGUAGE_STANDARD = gnu99;
				GCC_DYNAMIC_NO_PIC = NO;
				GCC_NO_COMMON_BLOCKS = YES;
				GCC_OPTIMIZATION_LEVEL = 0;
				GCC_PREPROCESSOR_DEFINITIONS = (
					"DEBUG=1",
					"$(inherited)",
				);
				GCC_SYMBOLS_PRIVATE_EXTERN = NO;
				GCC_WARN_64_TO_32_BIT_CONVERSION = YES;
				GCC_WARN_ABOUT_RETURN_TYPE = YES_ERROR;
				GCC_WARN_UNDECLARED_SELECTOR = YES;
				GCC_WARN_UNINITIALIZED_AUTOS = YES_AGGRESSIVE;
				GCC_WARN_UNUSED_FUNCTION = YES;
				GCC_WARN_UNUSED_VARIABLE = YES;
				IPHONEOS_DEPLOYMENT_TARGET = 10.0;
				LD_RUNPATH_SEARCH_PATHS = "/usr/lib/swift $(inherited)";
				LIBRARY_SEARCH_PATHS = (
					"\"$(TOOLCHAIN_DIR)/usr/lib/swift/$(PLATFORM_NAME)\"",
					"\"$(TOOLCHAIN_DIR)/usr/lib/swift-5.0/$(PLATFORM_NAME)\"",
					"\"$(inherited)\"",
				);
				MTL_ENABLE_DEBUG_INFO = YES;
				ONLY_ACTIVE_ARCH = YES;
				SDKROOT = iphoneos;
			};
			name = Debug;
		};
		83CBBA211A601CBA00E9B192 /* Release */ = {
			isa = XCBuildConfiguration;
			buildSettings = {
				ALWAYS_SEARCH_USER_PATHS = NO;
				CLANG_ANALYZER_LOCALIZABILITY_NONLOCALIZED = YES;
				CLANG_CXX_LANGUAGE_STANDARD = "gnu++0x";
				CLANG_CXX_LIBRARY = "libc++";
				CLANG_ENABLE_MODULES = YES;
				CLANG_ENABLE_OBJC_ARC = YES;
				CLANG_WARN_BLOCK_CAPTURE_AUTORELEASING = YES;
				CLANG_WARN_BOOL_CONVERSION = YES;
				CLANG_WARN_COMMA = YES;
				CLANG_WARN_CONSTANT_CONVERSION = YES;
				CLANG_WARN_DEPRECATED_OBJC_IMPLEMENTATIONS = YES;
				CLANG_WARN_DIRECT_OBJC_ISA_USAGE = YES_ERROR;
				CLANG_WARN_EMPTY_BODY = YES;
				CLANG_WARN_ENUM_CONVERSION = YES;
				CLANG_WARN_INFINITE_RECURSION = YES;
				CLANG_WARN_INT_CONVERSION = YES;
				CLANG_WARN_NON_LITERAL_NULL_CONVERSION = YES;
				CLANG_WARN_OBJC_IMPLICIT_RETAIN_SELF = YES;
				CLANG_WARN_OBJC_LITERAL_CONVERSION = YES;
				CLANG_WARN_OBJC_ROOT_CLASS = YES_ERROR;
				CLANG_WARN_RANGE_LOOP_ANALYSIS = YES;
				CLANG_WARN_STRICT_PROTOTYPES = YES;
				CLANG_WARN_SUSPICIOUS_MOVE = YES;
				CLANG_WARN_UNREACHABLE_CODE = YES;
				CLANG_WARN__DUPLICATE_METHOD_MATCH = YES;
				"CODE_SIGN_IDENTITY[sdk=iphoneos*]" = "iPhone Developer";
				COPY_PHASE_STRIP = YES;
				ENABLE_NS_ASSERTIONS = NO;
				ENABLE_STRICT_OBJC_MSGSEND = YES;
				GCC_C_LANGUAGE_STANDARD = gnu99;
				GCC_NO_COMMON_BLOCKS = YES;
				GCC_WARN_64_TO_32_BIT_CONVERSION = YES;
				GCC_WARN_ABOUT_RETURN_TYPE = YES_ERROR;
				GCC_WARN_UNDECLARED_SELECTOR = YES;
				GCC_WARN_UNINITIALIZED_AUTOS = YES_AGGRESSIVE;
				GCC_WARN_UNUSED_FUNCTION = YES;
				GCC_WARN_UNUSED_VARIABLE = YES;
				IPHONEOS_DEPLOYMENT_TARGET = 10.0;
				LD_RUNPATH_SEARCH_PATHS = "/usr/lib/swift $(inherited)";
				LIBRARY_SEARCH_PATHS = (
					"\"$(TOOLCHAIN_DIR)/usr/lib/swift/$(PLATFORM_NAME)\"",
					"\"$(TOOLCHAIN_DIR)/usr/lib/swift-5.0/$(PLATFORM_NAME)\"",
					"\"$(inherited)\"",
				);
				MTL_ENABLE_DEBUG_INFO = NO;
				SDKROOT = iphoneos;
				VALIDATE_PRODUCT = YES;
			};
			name = Release;
		};
/* End XCBuildConfiguration section */

/* Begin XCConfigurationList section */
		00E357021AD99517003FC87E /* Build configuration list for PBXNativeTarget "studentAppTests" */ = {
			isa = XCConfigurationList;
			buildConfigurations = (
				00E356F61AD99517003FC87E /* Debug */,
				00E356F71AD99517003FC87E /* Release */,
			);
			defaultConfigurationIsVisible = 0;
			defaultConfigurationName = Release;
		};
		13B07F931A680F5B00A75B9A /* Build configuration list for PBXNativeTarget "studentApp" */ = {
			isa = XCConfigurationList;
			buildConfigurations = (
				13B07F941A680F5B00A75B9A /* Debug */,
				13B07F951A680F5B00A75B9A /* Release */,
			);
			defaultConfigurationIsVisible = 0;
			defaultConfigurationName = Release;
		};
		2D02E4BA1E0B4A5E006451C7 /* Build configuration list for PBXNativeTarget "studentApp-tvOS" */ = {
			isa = XCConfigurationList;
			buildConfigurations = (
				2D02E4971E0B4A5E006451C7 /* Debug */,
				2D02E4981E0B4A5E006451C7 /* Release */,
			);
			defaultConfigurationIsVisible = 0;
			defaultConfigurationName = Release;
		};
		2D02E4BB1E0B4A5E006451C7 /* Build configuration list for PBXNativeTarget "studentApp-tvOSTests" */ = {
			isa = XCConfigurationList;
			buildConfigurations = (
				2D02E4991E0B4A5E006451C7 /* Debug */,
				2D02E49A1E0B4A5E006451C7 /* Release */,
			);
			defaultConfigurationIsVisible = 0;
			defaultConfigurationName = Release;
		};
		83CBB9FA1A601CBA00E9B192 /* Build configuration list for PBXProject "studentApp" */ = {
			isa = XCConfigurationList;
			buildConfigurations = (
				83CBBA201A601CBA00E9B192 /* Debug */,
				83CBBA211A601CBA00E9B192 /* Release */,
			);
			defaultConfigurationIsVisible = 0;
			defaultConfigurationName = Release;
		};
/* End XCConfigurationList section */
	};
	rootObject = 83CBB9F71A601CBA00E9B192 /* Project object */;
}
